
Microsoft Visual Studio Solution File, Format Version 12.00
# Visual Studio 15
VisualStudioVersion = 15.0.27703.2047
MinimumVisualStudioVersion = 10.0.40219.1
Project("{FAE04EC0-301F-11D3-BF4B-00C04F79EFBC}") = "CaveTesting", "CaveTesting\CaveTesting.csproj", "{C5DBFDB4-B0B5-481F-899A-6CA61F702634}"
EndProject
Global
	GlobalSection(SolutionConfigurationPlatforms) = preSolution
		Debug|Any CPU = Debug|Any CPU
		Release|Any CPU = Release|Any CPU
	EndGlobalSection
	GlobalSection(ProjectConfigurationPlatforms) = postSolution
		{C5DBFDB4-B0B5-481F-899A-6CA61F702634}.Debug|Any CPU.ActiveCfg = Debug|Any CPU
		{C5DBFDB4-B0B5-481F-899A-6CA61F702634}.Debug|Any CPU.Build.0 = Debug|Any CPU
		{C5DBFDB4-B0B5-481F-899A-6CA61F702634}.Release|Any CPU.ActiveCfg = Release|Any CPU
		{C5DBFDB4-B0B5-481F-899A-6CA61F702634}.Release|Any CPU.Build.0 = Release|Any CPU
	EndGlobalSection
	GlobalSection(SolutionProperties) = preSolution
		HideSolutionNode = FALSE
	EndGlobalSection
	GlobalSection(ExtensibilityGlobals) = postSolution
		SolutionGuid = {DD000204-04F8-4D2D-8929-3601C6F88E3F}
	EndGlobalSection
EndGlobal
