
Microsoft Visual Studio Solution File, Format Version 12.00
# Visual Studio 15
VisualStudioVersion = 15.0.27703.2047
MinimumVisualStudioVersion = 10.0.40219.1
Project("{FAE04EC0-301F-11D3-BF4B-00C04F79EFBC}") = "Team1_Wumpus", "Team1_Wumpus\Team1_Wumpus.csproj", "{31143B42-96C9-41A5-B817-CCE9F90FBCFC}"
EndProject
Project("{9A19103F-16F7-4668-BE54-9A1E7A4F7556}") = "PlayerTests", "PlayerTests\PlayerTests.csproj", "{7ED6B8D4-EC09-49E8-989D-27B1C9E1D362}"
EndProject
Project("{9A19103F-16F7-4668-BE54-9A1E7A4F7556}") = "CaveTests", "CaveTests\CaveTests.csproj", "{77A65935-6745-4510-8249-6583ECC2A21F}"
EndProject
Global
	GlobalSection(SolutionConfigurationPlatforms) = preSolution
		Debug|Any CPU = Debug|Any CPU
		Release|Any CPU = Release|Any CPU
	EndGlobalSection
	GlobalSection(ProjectConfigurationPlatforms) = postSolution
		{31143B42-96C9-41A5-B817-CCE9F90FBCFC}.Debug|Any CPU.ActiveCfg = Debug|Any CPU
		{31143B42-96C9-41A5-B817-CCE9F90FBCFC}.Release|Any CPU.ActiveCfg = Release|Any CPU
		{31143B42-96C9-41A5-B817-CCE9F90FBCFC}.Release|Any CPU.Build.0 = Release|Any CPU
		{7ED6B8D4-EC09-49E8-989D-27B1C9E1D362}.Debug|Any CPU.ActiveCfg = Debug|Any CPU
		{7ED6B8D4-EC09-49E8-989D-27B1C9E1D362}.Release|Any CPU.ActiveCfg = Release|Any CPU
		{7ED6B8D4-EC09-49E8-989D-27B1C9E1D362}.Release|Any CPU.Build.0 = Release|Any CPU
		{77A65935-6745-4510-8249-6583ECC2A21F}.Debug|Any CPU.ActiveCfg = Debug|Any CPU
		{77A65935-6745-4510-8249-6583ECC2A21F}.Release|Any CPU.ActiveCfg = Release|Any CPU
		{77A65935-6745-4510-8249-6583ECC2A21F}.Release|Any CPU.Build.0 = Release|Any CPU
	EndGlobalSection
	GlobalSection(SolutionProperties) = preSolution
		HideSolutionNode = FALSE
	EndGlobalSection
	GlobalSection(ExtensibilityGlobals) = postSolution
		SolutionGuid = {F68AEC5B-3BFC-45F9-AFBD-6E6227FB92C3}
	EndGlobalSection
EndGlobal
